
Microsoft Visual Studio Solution File, Format Version 12.00
# Visual Studio Version 16
VisualStudioVersion = 16.0.30427.197
MinimumVisualStudioVersion = 10.0.40219.1
Project("{FAE04EC0-301F-11D3-BF4B-00C04F79EFBC}") = "ConsoleApps", "ConsoleApps\ConsoleApps.csproj", "{72083824-0091-4653-8E6B-B356A58940C8}"
EndProject
Project("{FAE04EC0-301F-11D3-BF4B-00C04F79EFBC}") = "LoopApp", "LoopApp\LoopApp.csproj", "{50276BF8-5CBB-4AC5-B14E-595880F10FD1}"
EndProject
Project("{FAE04EC0-301F-11D3-BF4B-00C04F79EFBC}") = "WhileLoopApp", "WhileLoopApp\WhileLoopApp.csproj", "{5C10099E-C8FE-430C-ACAF-FC1751255578}"
EndProject
Project("{FAE04EC0-301F-11D3-BF4B-00C04F79EFBC}") = "WriteToFileApp", "WriteToFileApp\WriteToFileApp.csproj", "{098BC82F-013D-44DD-BCEF-835D21354CB6}"
EndProject
Project("{FAE04EC0-301F-11D3-BF4B-00C04F79EFBC}") = "StringInterpolation", "StringInterpolation\StringInterpolation.csproj", "{AAD12EAE-69DD-4C1E-859C-AB16D7F84959}"
EndProject
Project("{FAE04EC0-301F-11D3-BF4B-00C04F79EFBC}") = "StringTrim", "StringTrim\StringTrim.csproj", "{FCA6355D-6ED8-4DE8-B0DF-D0B4A81452BF}"
EndProject
Project("{FAE04EC0-301F-11D3-BF4B-00C04F79EFBC}") = "SearchStrings", "SearchStrings\SearchStrings.csproj", "{868054B8-15C2-454F-97B9-72DE618E8131}"
EndProject
Project("{FAE04EC0-301F-11D3-BF4B-00C04F79EFBC}") = "MathApp", "MathApp\MathApp.csproj", "{BCD8844C-6909-40EA-A0B0-382CC3596D20}"
EndProject
Project("{FAE04EC0-301F-11D3-BF4B-00C04F79EFBC}") = "MathOrder", "MathOrder\MathOrder.csproj", "{D3056D51-C33F-4DA5-8B90-E20CE929F38A}"
EndProject
Project("{FAE04EC0-301F-11D3-BF4B-00C04F79EFBC}") = "MathDoubles", "MathDoubles\MathDoubles.csproj", "{54513BEA-B92E-4FA4-A212-0A33CE7BBE83}"
EndProject
Project("{FAE04EC0-301F-11D3-BF4B-00C04F79EFBC}") = "MathDecimals", "MathDecimals\MathDecimals.csproj", "{956B19BD-4275-4211-B574-68632C7FEB63}"
EndProject
Project("{FAE04EC0-301F-11D3-BF4B-00C04F79EFBC}") = "IfStatements", "IfStatements\IfStatements.csproj", "{7A511843-37A6-4F9E-9360-EFACC7F51316}"
EndProject
Project("{FAE04EC0-301F-11D3-BF4B-00C04F79EFBC}") = "IfElse", "IfElse\IfElse.csproj", "{A0E16F1F-28AD-48DC-9D76-38BEC8DA6224}"
EndProject
Project("{FAE04EC0-301F-11D3-BF4B-00C04F79EFBC}") = "WhileLoop", "WhileLoop\WhileLoop.csproj", "{D8E50B71-B1ED-43A2-9AC5-487B544F54A0}"
EndProject
Project("{FAE04EC0-301F-11D3-BF4B-00C04F79EFBC}") = "DoWhileLoop", "DoWhileLoop\DoWhileLoop.csproj", "{30545D1A-1E9F-48A1-834B-01AA79C656DD}"
EndProject
Project("{FAE04EC0-301F-11D3-BF4B-00C04F79EFBC}") = "ForLoop", "ForLoop\ForLoop.csproj", "{BB6EF375-3094-4A57-8A3D-7987E5830528}"
EndProject
Global
	GlobalSection(SolutionConfigurationPlatforms) = preSolution
		Debug|Any CPU = Debug|Any CPU
		Release|Any CPU = Release|Any CPU
	EndGlobalSection
	GlobalSection(ProjectConfigurationPlatforms) = postSolution
		{72083824-0091-4653-8E6B-B356A58940C8}.Debug|Any CPU.ActiveCfg = Debug|Any CPU
		{72083824-0091-4653-8E6B-B356A58940C8}.Debug|Any CPU.Build.0 = Debug|Any CPU
		{72083824-0091-4653-8E6B-B356A58940C8}.Release|Any CPU.ActiveCfg = Release|Any CPU
		{72083824-0091-4653-8E6B-B356A58940C8}.Release|Any CPU.Build.0 = Release|Any CPU
		{50276BF8-5CBB-4AC5-B14E-595880F10FD1}.Debug|Any CPU.ActiveCfg = Debug|Any CPU
		{50276BF8-5CBB-4AC5-B14E-595880F10FD1}.Debug|Any CPU.Build.0 = Debug|Any CPU
		{50276BF8-5CBB-4AC5-B14E-595880F10FD1}.Release|Any CPU.ActiveCfg = Release|Any CPU
		{50276BF8-5CBB-4AC5-B14E-595880F10FD1}.Release|Any CPU.Build.0 = Release|Any CPU
		{5C10099E-C8FE-430C-ACAF-FC1751255578}.Debug|Any CPU.ActiveCfg = Debug|Any CPU
		{5C10099E-C8FE-430C-ACAF-FC1751255578}.Debug|Any CPU.Build.0 = Debug|Any CPU
		{5C10099E-C8FE-430C-ACAF-FC1751255578}.Release|Any CPU.ActiveCfg = Release|Any CPU
		{5C10099E-C8FE-430C-ACAF-FC1751255578}.Release|Any CPU.Build.0 = Release|Any CPU
		{098BC82F-013D-44DD-BCEF-835D21354CB6}.Debug|Any CPU.ActiveCfg = Debug|Any CPU
		{098BC82F-013D-44DD-BCEF-835D21354CB6}.Debug|Any CPU.Build.0 = Debug|Any CPU
		{098BC82F-013D-44DD-BCEF-835D21354CB6}.Release|Any CPU.ActiveCfg = Release|Any CPU
		{098BC82F-013D-44DD-BCEF-835D21354CB6}.Release|Any CPU.Build.0 = Release|Any CPU
		{AAD12EAE-69DD-4C1E-859C-AB16D7F84959}.Debug|Any CPU.ActiveCfg = Debug|Any CPU
		{AAD12EAE-69DD-4C1E-859C-AB16D7F84959}.Debug|Any CPU.Build.0 = Debug|Any CPU
		{AAD12EAE-69DD-4C1E-859C-AB16D7F84959}.Release|Any CPU.ActiveCfg = Release|Any CPU
		{AAD12EAE-69DD-4C1E-859C-AB16D7F84959}.Release|Any CPU.Build.0 = Release|Any CPU
		{FCA6355D-6ED8-4DE8-B0DF-D0B4A81452BF}.Debug|Any CPU.ActiveCfg = Debug|Any CPU
		{FCA6355D-6ED8-4DE8-B0DF-D0B4A81452BF}.Debug|Any CPU.Build.0 = Debug|Any CPU
		{FCA6355D-6ED8-4DE8-B0DF-D0B4A81452BF}.Release|Any CPU.ActiveCfg = Release|Any CPU
		{FCA6355D-6ED8-4DE8-B0DF-D0B4A81452BF}.Release|Any CPU.Build.0 = Release|Any CPU
		{868054B8-15C2-454F-97B9-72DE618E8131}.Debug|Any CPU.ActiveCfg = Debug|Any CPU
		{868054B8-15C2-454F-97B9-72DE618E8131}.Debug|Any CPU.Build.0 = Debug|Any CPU
		{868054B8-15C2-454F-97B9-72DE618E8131}.Release|Any CPU.ActiveCfg = Release|Any CPU
		{868054B8-15C2-454F-97B9-72DE618E8131}.Release|Any CPU.Build.0 = Release|Any CPU
		{BCD8844C-6909-40EA-A0B0-382CC3596D20}.Debug|Any CPU.ActiveCfg = Debug|Any CPU
		{BCD8844C-6909-40EA-A0B0-382CC3596D20}.Debug|Any CPU.Build.0 = Debug|Any CPU
		{BCD8844C-6909-40EA-A0B0-382CC3596D20}.Release|Any CPU.ActiveCfg = Release|Any CPU
		{BCD8844C-6909-40EA-A0B0-382CC3596D20}.Release|Any CPU.Build.0 = Release|Any CPU
		{D3056D51-C33F-4DA5-8B90-E20CE929F38A}.Debug|Any CPU.ActiveCfg = Debug|Any CPU
		{D3056D51-C33F-4DA5-8B90-E20CE929F38A}.Debug|Any CPU.Build.0 = Debug|Any CPU
		{D3056D51-C33F-4DA5-8B90-E20CE929F38A}.Release|Any CPU.ActiveCfg = Release|Any CPU
		{D3056D51-C33F-4DA5-8B90-E20CE929F38A}.Release|Any CPU.Build.0 = Release|Any CPU
		{54513BEA-B92E-4FA4-A212-0A33CE7BBE83}.Debug|Any CPU.ActiveCfg = Debug|Any CPU
		{54513BEA-B92E-4FA4-A212-0A33CE7BBE83}.Debug|Any CPU.Build.0 = Debug|Any CPU
		{54513BEA-B92E-4FA4-A212-0A33CE7BBE83}.Release|Any CPU.ActiveCfg = Release|Any CPU
		{54513BEA-B92E-4FA4-A212-0A33CE7BBE83}.Release|Any CPU.Build.0 = Release|Any CPU
		{956B19BD-4275-4211-B574-68632C7FEB63}.Debug|Any CPU.ActiveCfg = Debug|Any CPU
		{956B19BD-4275-4211-B574-68632C7FEB63}.Debug|Any CPU.Build.0 = Debug|Any CPU
		{956B19BD-4275-4211-B574-68632C7FEB63}.Release|Any CPU.ActiveCfg = Release|Any CPU
		{956B19BD-4275-4211-B574-68632C7FEB63}.Release|Any CPU.Build.0 = Release|Any CPU
		{7A511843-37A6-4F9E-9360-EFACC7F51316}.Debug|Any CPU.ActiveCfg = Debug|Any CPU
		{7A511843-37A6-4F9E-9360-EFACC7F51316}.Debug|Any CPU.Build.0 = Debug|Any CPU
		{7A511843-37A6-4F9E-9360-EFACC7F51316}.Release|Any CPU.ActiveCfg = Release|Any CPU
		{7A511843-37A6-4F9E-9360-EFACC7F51316}.Release|Any CPU.Build.0 = Release|Any CPU
		{A0E16F1F-28AD-48DC-9D76-38BEC8DA6224}.Debug|Any CPU.ActiveCfg = Debug|Any CPU
		{A0E16F1F-28AD-48DC-9D76-38BEC8DA6224}.Debug|Any CPU.Build.0 = Debug|Any CPU
		{A0E16F1F-28AD-48DC-9D76-38BEC8DA6224}.Release|Any CPU.ActiveCfg = Release|Any CPU
		{A0E16F1F-28AD-48DC-9D76-38BEC8DA6224}.Release|Any CPU.Build.0 = Release|Any CPU
		{D8E50B71-B1ED-43A2-9AC5-487B544F54A0}.Debug|Any CPU.ActiveCfg = Debug|Any CPU
		{D8E50B71-B1ED-43A2-9AC5-487B544F54A0}.Debug|Any CPU.Build.0 = Debug|Any CPU
		{D8E50B71-B1ED-43A2-9AC5-487B544F54A0}.Release|Any CPU.ActiveCfg = Release|Any CPU
		{D8E50B71-B1ED-43A2-9AC5-487B544F54A0}.Release|Any CPU.Build.0 = Release|Any CPU
		{30545D1A-1E9F-48A1-834B-01AA79C656DD}.Debug|Any CPU.ActiveCfg = Debug|Any CPU
		{30545D1A-1E9F-48A1-834B-01AA79C656DD}.Debug|Any CPU.Build.0 = Debug|Any CPU
		{30545D1A-1E9F-48A1-834B-01AA79C656DD}.Release|Any CPU.ActiveCfg = Release|Any CPU
		{30545D1A-1E9F-48A1-834B-01AA79C656DD}.Release|Any CPU.Build.0 = Release|Any CPU
		{BB6EF375-3094-4A57-8A3D-7987E5830528}.Debug|Any CPU.ActiveCfg = Debug|Any CPU
		{BB6EF375-3094-4A57-8A3D-7987E5830528}.Debug|Any CPU.Build.0 = Debug|Any CPU
		{BB6EF375-3094-4A57-8A3D-7987E5830528}.Release|Any CPU.ActiveCfg = Release|Any CPU
		{BB6EF375-3094-4A57-8A3D-7987E5830528}.Release|Any CPU.Build.0 = Release|Any CPU
	EndGlobalSection
	GlobalSection(SolutionProperties) = preSolution
		HideSolutionNode = FALSE
	EndGlobalSection
	GlobalSection(ExtensibilityGlobals) = postSolution
		SolutionGuid = {1B30A065-FF05-4F29-9020-28A5DC9998BD}
	EndGlobalSection
EndGlobal
